
Microsoft Visual Studio Solution File, Format Version 12.00
# Visual Studio Version 16
VisualStudioVersion = 16.0.30011.22
MinimumVisualStudioVersion = 10.0.40219.1
Project("{FAE04EC0-301F-11D3-BF4B-00C04F79EFBC}") = "EasyExam", "EasyExam\EasyExam.csproj", "{2365DD29-8B8F-4F1D-91CE-97DFB876CABA}"
EndProject
Global
	GlobalSection(SolutionConfigurationPlatforms) = preSolution
		Debug|Any CPU = Debug|Any CPU
		Release|Any CPU = Release|Any CPU
	EndGlobalSection
	GlobalSection(ProjectConfigurationPlatforms) = postSolution
		{2365DD29-8B8F-4F1D-91CE-97DFB876CABA}.Debug|Any CPU.ActiveCfg = Debug|Any CPU
		{2365DD29-8B8F-4F1D-91CE-97DFB876CABA}.Debug|Any CPU.Build.0 = Debug|Any CPU
		{2365DD29-8B8F-4F1D-91CE-97DFB876CABA}.Release|Any CPU.ActiveCfg = Release|Any CPU
		{2365DD29-8B8F-4F1D-91CE-97DFB876CABA}.Release|Any CPU.Build.0 = Release|Any CPU
	EndGlobalSection
	GlobalSection(SolutionProperties) = preSolution
		HideSolutionNode = FALSE
	EndGlobalSection
	GlobalSection(ExtensibilityGlobals) = postSolution
		SolutionGuid = {C936C026-19C7-4067-8536-2F25FAF2A352}
	EndGlobalSection
EndGlobal
